
Microsoft Visual Studio Solution File, Format Version 12.00
# Visual Studio Version 16
VisualStudioVersion = 16.0.30804.86
MinimumVisualStudioVersion = 10.0.40219.1
Project("{FAE04EC0-301F-11D3-BF4B-00C04F79EFBC}") = "ProjectCSharp1", "ProjectCSharp1.csproj", "{0F2AC822-6A90-4298-A54D-B79E91C9B746}"
EndProject
Global
	GlobalSection(SolutionConfigurationPlatforms) = preSolution
		Debug|Any CPU = Debug|Any CPU
		Release|Any CPU = Release|Any CPU
	EndGlobalSection
	GlobalSection(ProjectConfigurationPlatforms) = postSolution
		{0F2AC822-6A90-4298-A54D-B79E91C9B746}.Debug|Any CPU.ActiveCfg = Debug|Any CPU
		{0F2AC822-6A90-4298-A54D-B79E91C9B746}.Debug|Any CPU.Build.0 = Debug|Any CPU
		{0F2AC822-6A90-4298-A54D-B79E91C9B746}.Release|Any CPU.ActiveCfg = Release|Any CPU
		{0F2AC822-6A90-4298-A54D-B79E91C9B746}.Release|Any CPU.Build.0 = Release|Any CPU
	EndGlobalSection
	GlobalSection(SolutionProperties) = preSolution
		HideSolutionNode = FALSE
	EndGlobalSection
	GlobalSection(ExtensibilityGlobals) = postSolution
		SolutionGuid = {4841157C-7FAA-487C-8155-9A7F34A23906}
	EndGlobalSection
EndGlobal
